
Microsoft Visual Studio Solution File, Format Version 12.00
# Visual Studio Version 16
VisualStudioVersion = 16.0.28803.156
MinimumVisualStudioVersion = 10.0.40219.1
Project("{2150E333-8FDC-42A3-9474-1A3956D46DE8}") = "common", "common", "{B6EBB56A-1760-473A-83C8-9FA06C4E678C}"
EndProject
Project("{2150E333-8FDC-42A3-9474-1A3956D46DE8}") = "app", "app", "{1774F8A9-CEB1-45A0-926A-4DB761B540B4}"
EndProject
Project("{2150E333-8FDC-42A3-9474-1A3956D46DE8}") = "core", "core", "{6636855D-F328-4C07-87DF-DB39AAC85143}"
EndProject
Project("{2150E333-8FDC-42A3-9474-1A3956D46DE8}") = "domain", "domain", "{0F3A9D10-BB35-42C9-B7A0-5C4F81792A2C}"
EndProject
Project("{2150E333-8FDC-42A3-9474-1A3956D46DE8}") = "persistence", "persistence", "{83FFAA51-EB70-4A55-AD7D-F77714EFBEEF}"
EndProject
Project("{2150E333-8FDC-42A3-9474-1A3956D46DE8}") = "ui", "ui", "{BCFB37C9-6983-4BF0-AEAF-D50CC6B157CF}"
EndProject
Project("{9A19103F-16F7-4668-BE54-9A1E7A4F7556}") = "Quattro.Persistence", "persistence\src\Quattro.Persistence\Quattro.Persistence.csproj", "{62A847A5-61A8-485F-AC0A-5011DF26FC92}"
EndProject
Project("{9A19103F-16F7-4668-BE54-9A1E7A4F7556}") = "Quattro.Persistence.Abstractions", "persistence\src\Quattro.Persistence.Abstractions\Quattro.Persistence.Abstractions.csproj", "{102805C4-C5DC-41C8-AC6F-7C2C7E9B4FD4}"
EndProject
Project("{9A19103F-16F7-4668-BE54-9A1E7A4F7556}") = "Quattro.Persistence.Extensions", "persistence\src\Quattro.Persistence.Extensions\Quattro.Persistence.Extensions.csproj", "{EA450968-9576-4248-B17F-B03AEB58C363}"
EndProject
Project("{9A19103F-16F7-4668-BE54-9A1E7A4F7556}") = "Quattro.Persistence.Migrations", "persistence\src\Migrations\Quattro.Persistence.Migrations\Quattro.Persistence.Migrations.csproj", "{FBBC14D4-8AFD-40F2-91B4-48E2E9ED3141}"
EndProject
Project("{9A19103F-16F7-4668-BE54-9A1E7A4F7556}") = "Quattro.Persistence.Tests", "persistence\tests\Quattro.Persistence.Tests\Quattro.Persistence.Tests.csproj", "{8CC8428E-EBC4-4E98-A4B5-085BE99A92D2}"
EndProject
Project("{2150E333-8FDC-42A3-9474-1A3956D46DE8}") = "cryptography", "cryptography", "{B45BC6E1-F548-466A-8757-A8B893E6ACBE}"
EndProject
Project("{2150E333-8FDC-42A3-9474-1A3956D46DE8}") = "extensions", "extensions", "{3E9CC8CF-4714-4ED0-A418-1DC3E83DFDE6}"
EndProject
Project("{2150E333-8FDC-42A3-9474-1A3956D46DE8}") = "logging", "logging", "{DC4F6CC5-92E7-482B-AAAF-07025C45F012}"
EndProject
Project("{2150E333-8FDC-42A3-9474-1A3956D46DE8}") = "paging", "paging", "{2BCCADAE-AC4B-482D-8C63-165DCEC12E27}"
EndProject
Project("{2150E333-8FDC-42A3-9474-1A3956D46DE8}") = "serialization", "serialization", "{386701DE-3092-4C11-B8A7-892E0391CBC9}"
EndProject
Project("{2150E333-8FDC-42A3-9474-1A3956D46DE8}") = "validation", "validation", "{B319CF87-9536-4AE3-8498-81FFB8C788A4}"
EndProject
Project("{9A19103F-16F7-4668-BE54-9A1E7A4F7556}") = "Quattro.Cryptography.Hashing", "common\src\Cryptography\Quattro.Cryptography.Hashing\Quattro.Cryptography.Hashing.csproj", "{B612E87D-48B3-4E7E-A082-C6B9D3C1595B}"
EndProject
Project("{9A19103F-16F7-4668-BE54-9A1E7A4F7556}") = "Quattro.Extensions", "common\src\Extensions\Quattro.Extensions\Quattro.Extensions.csproj", "{541F9FFA-576C-41DB-87C8-623D86F3B4E3}"
EndProject
Project("{9A19103F-16F7-4668-BE54-9A1E7A4F7556}") = "Quattro.Paging.Abstractions", "common\src\Paging\Quattro.Paging.Abstractions\Quattro.Paging.Abstractions.csproj", "{FC691CC6-F4B3-4CCC-BE4B-D2E0587F7855}"
EndProject
Project("{9A19103F-16F7-4668-BE54-9A1E7A4F7556}") = "Quattro.Paging", "common\src\Paging\Quattro.Paging\Quattro.Paging.csproj", "{E858C749-FC58-4C3D-8AE5-CE98C0CD272E}"
EndProject
Project("{9A19103F-16F7-4668-BE54-9A1E7A4F7556}") = "Quattro.Logging.Abstractions", "common\src\Logging\Quattro.Logging.Abstractions\Quattro.Logging.Abstractions.csproj", "{86F8BC24-AFCA-4B36-98A2-3F0656D04A91}"
EndProject
Project("{9A19103F-16F7-4668-BE54-9A1E7A4F7556}") = "Quattro.Logging", "common\src\Logging\Quattro.Logging\Quattro.Logging.csproj", "{FEBCC213-C119-4058-BA46-0C095C597A5C}"
EndProject
Project("{9A19103F-16F7-4668-BE54-9A1E7A4F7556}") = "Quattro.Validation.Abstractions", "common\src\Validation\Quattro.Validation.Abstractions\Quattro.Validation.Abstractions.csproj", "{8D68E108-8148-4459-83EF-2A2B37A9653A}"
EndProject
Project("{9A19103F-16F7-4668-BE54-9A1E7A4F7556}") = "Quattro.Core.Services.Abstractions", "core\src\Services\Quattro.Core.Services.Abstractions\Quattro.Core.Services.Abstractions.csproj", "{73C33CD7-78D2-4133-895B-B2DBBBFBCCD5}"
EndProject
Project("{9A19103F-16F7-4668-BE54-9A1E7A4F7556}") = "Quattro.Core.Services", "core\src\Services\Quattro.Core.Services\Quattro.Core.Services.csproj", "{6081A969-EF62-48C3-B29B-1E4977B0F323}"
EndProject
Project("{9A19103F-16F7-4668-BE54-9A1E7A4F7556}") = "Quattro.Domain", "domain\src\Quattro.Domain\Quattro.Domain.csproj", "{45674318-033C-413E-8E6C-0D4FF53939F9}"
EndProject
Project("{9A19103F-16F7-4668-BE54-9A1E7A4F7556}") = "Quattro.Domain.Abstractions", "domain\src\Quattro.Domain.Abstractions\Quattro.Domain.Abstractions.csproj", "{C3E9018E-4915-4FCB-B1C1-931B97728F94}"
EndProject
Project("{9A19103F-16F7-4668-BE54-9A1E7A4F7556}") = "Quattro.App", "app\src\Quattro.App\Quattro.App.csproj", "{645414FB-F761-41C3-B3FC-3F72316C07C1}"
EndProject
Project("{2150E333-8FDC-42A3-9474-1A3956D46DE8}") = "desktop", "desktop", "{F6E05FBE-3A40-412C-84F0-FEFAFCD3ADBB}"
EndProject
Project("{FAE04EC0-301F-11D3-BF4B-00C04F79EFBC}") = "Quattro.Desktop", "ui\desktop\src\Quattro.Desktop\Quattro.Desktop.csproj", "{3C63A918-03E7-48D1-95E1-F3DE489F479B}"
EndProject
Project("{9A19103F-16F7-4668-BE54-9A1E7A4F7556}") = "Quattro.Domain.Entities", "domain\src\Quattro.Domain.Entities\Quattro.Domain.Entities.csproj", "{937C71C8-F1A9-48D9-9556-898F121FDDED}"
EndProject
Project("{9A19103F-16F7-4668-BE54-9A1E7A4F7556}") = "Quattro.Domain.Dtos", "domain\src\Quattro.Domain.Dtos\Quattro.Domain.Dtos.csproj", "{FE341C58-6B03-47EB-A019-96093C8E5D03}"
EndProject
Project("{9A19103F-16F7-4668-BE54-9A1E7A4F7556}") = "Quattro.Domain.Mapping", "domain\src\Quattro.Domain.Mapping\Quattro.Domain.Mapping.csproj", "{53A1052D-AF82-4AB3-B076-EE3BCD0194C0}"
EndProject
Global
	GlobalSection(SolutionConfigurationPlatforms) = preSolution
		Debug|Any CPU = Debug|Any CPU
		Release|Any CPU = Release|Any CPU
	EndGlobalSection
	GlobalSection(ProjectConfigurationPlatforms) = postSolution
		{62A847A5-61A8-485F-AC0A-5011DF26FC92}.Debug|Any CPU.ActiveCfg = Debug|Any CPU
		{62A847A5-61A8-485F-AC0A-5011DF26FC92}.Debug|Any CPU.Build.0 = Debug|Any CPU
		{62A847A5-61A8-485F-AC0A-5011DF26FC92}.Release|Any CPU.ActiveCfg = Release|Any CPU
		{62A847A5-61A8-485F-AC0A-5011DF26FC92}.Release|Any CPU.Build.0 = Release|Any CPU
		{102805C4-C5DC-41C8-AC6F-7C2C7E9B4FD4}.Debug|Any CPU.ActiveCfg = Debug|Any CPU
		{102805C4-C5DC-41C8-AC6F-7C2C7E9B4FD4}.Debug|Any CPU.Build.0 = Debug|Any CPU
		{102805C4-C5DC-41C8-AC6F-7C2C7E9B4FD4}.Release|Any CPU.ActiveCfg = Release|Any CPU
		{102805C4-C5DC-41C8-AC6F-7C2C7E9B4FD4}.Release|Any CPU.Build.0 = Release|Any CPU
		{EA450968-9576-4248-B17F-B03AEB58C363}.Debug|Any CPU.ActiveCfg = Debug|Any CPU
		{EA450968-9576-4248-B17F-B03AEB58C363}.Debug|Any CPU.Build.0 = Debug|Any CPU
		{EA450968-9576-4248-B17F-B03AEB58C363}.Release|Any CPU.ActiveCfg = Release|Any CPU
		{EA450968-9576-4248-B17F-B03AEB58C363}.Release|Any CPU.Build.0 = Release|Any CPU
		{FBBC14D4-8AFD-40F2-91B4-48E2E9ED3141}.Debug|Any CPU.ActiveCfg = Debug|Any CPU
		{FBBC14D4-8AFD-40F2-91B4-48E2E9ED3141}.Debug|Any CPU.Build.0 = Debug|Any CPU
		{FBBC14D4-8AFD-40F2-91B4-48E2E9ED3141}.Release|Any CPU.ActiveCfg = Release|Any CPU
		{FBBC14D4-8AFD-40F2-91B4-48E2E9ED3141}.Release|Any CPU.Build.0 = Release|Any CPU
		{8CC8428E-EBC4-4E98-A4B5-085BE99A92D2}.Debug|Any CPU.ActiveCfg = Debug|Any CPU
		{8CC8428E-EBC4-4E98-A4B5-085BE99A92D2}.Debug|Any CPU.Build.0 = Debug|Any CPU
		{8CC8428E-EBC4-4E98-A4B5-085BE99A92D2}.Release|Any CPU.ActiveCfg = Release|Any CPU
		{8CC8428E-EBC4-4E98-A4B5-085BE99A92D2}.Release|Any CPU.Build.0 = Release|Any CPU
		{B612E87D-48B3-4E7E-A082-C6B9D3C1595B}.Debug|Any CPU.ActiveCfg = Debug|Any CPU
		{B612E87D-48B3-4E7E-A082-C6B9D3C1595B}.Debug|Any CPU.Build.0 = Debug|Any CPU
		{B612E87D-48B3-4E7E-A082-C6B9D3C1595B}.Release|Any CPU.ActiveCfg = Release|Any CPU
		{B612E87D-48B3-4E7E-A082-C6B9D3C1595B}.Release|Any CPU.Build.0 = Release|Any CPU
		{541F9FFA-576C-41DB-87C8-623D86F3B4E3}.Debug|Any CPU.ActiveCfg = Debug|Any CPU
		{541F9FFA-576C-41DB-87C8-623D86F3B4E3}.Debug|Any CPU.Build.0 = Debug|Any CPU
		{541F9FFA-576C-41DB-87C8-623D86F3B4E3}.Release|Any CPU.ActiveCfg = Release|Any CPU
		{541F9FFA-576C-41DB-87C8-623D86F3B4E3}.Release|Any CPU.Build.0 = Release|Any CPU
		{FC691CC6-F4B3-4CCC-BE4B-D2E0587F7855}.Debug|Any CPU.ActiveCfg = Debug|Any CPU
		{FC691CC6-F4B3-4CCC-BE4B-D2E0587F7855}.Debug|Any CPU.Build.0 = Debug|Any CPU
		{FC691CC6-F4B3-4CCC-BE4B-D2E0587F7855}.Release|Any CPU.ActiveCfg = Release|Any CPU
		{FC691CC6-F4B3-4CCC-BE4B-D2E0587F7855}.Release|Any CPU.Build.0 = Release|Any CPU
		{E858C749-FC58-4C3D-8AE5-CE98C0CD272E}.Debug|Any CPU.ActiveCfg = Debug|Any CPU
		{E858C749-FC58-4C3D-8AE5-CE98C0CD272E}.Debug|Any CPU.Build.0 = Debug|Any CPU
		{E858C749-FC58-4C3D-8AE5-CE98C0CD272E}.Release|Any CPU.ActiveCfg = Release|Any CPU
		{E858C749-FC58-4C3D-8AE5-CE98C0CD272E}.Release|Any CPU.Build.0 = Release|Any CPU
		{86F8BC24-AFCA-4B36-98A2-3F0656D04A91}.Debug|Any CPU.ActiveCfg = Debug|Any CPU
		{86F8BC24-AFCA-4B36-98A2-3F0656D04A91}.Debug|Any CPU.Build.0 = Debug|Any CPU
		{86F8BC24-AFCA-4B36-98A2-3F0656D04A91}.Release|Any CPU.ActiveCfg = Release|Any CPU
		{86F8BC24-AFCA-4B36-98A2-3F0656D04A91}.Release|Any CPU.Build.0 = Release|Any CPU
		{FEBCC213-C119-4058-BA46-0C095C597A5C}.Debug|Any CPU.ActiveCfg = Debug|Any CPU
		{FEBCC213-C119-4058-BA46-0C095C597A5C}.Debug|Any CPU.Build.0 = Debug|Any CPU
		{FEBCC213-C119-4058-BA46-0C095C597A5C}.Release|Any CPU.ActiveCfg = Release|Any CPU
		{FEBCC213-C119-4058-BA46-0C095C597A5C}.Release|Any CPU.Build.0 = Release|Any CPU
		{8D68E108-8148-4459-83EF-2A2B37A9653A}.Debug|Any CPU.ActiveCfg = Debug|Any CPU
		{8D68E108-8148-4459-83EF-2A2B37A9653A}.Debug|Any CPU.Build.0 = Debug|Any CPU
		{8D68E108-8148-4459-83EF-2A2B37A9653A}.Release|Any CPU.ActiveCfg = Release|Any CPU
		{8D68E108-8148-4459-83EF-2A2B37A9653A}.Release|Any CPU.Build.0 = Release|Any CPU
		{73C33CD7-78D2-4133-895B-B2DBBBFBCCD5}.Debug|Any CPU.ActiveCfg = Debug|Any CPU
		{73C33CD7-78D2-4133-895B-B2DBBBFBCCD5}.Debug|Any CPU.Build.0 = Debug|Any CPU
		{73C33CD7-78D2-4133-895B-B2DBBBFBCCD5}.Release|Any CPU.ActiveCfg = Release|Any CPU
		{73C33CD7-78D2-4133-895B-B2DBBBFBCCD5}.Release|Any CPU.Build.0 = Release|Any CPU
		{6081A969-EF62-48C3-B29B-1E4977B0F323}.Debug|Any CPU.ActiveCfg = Debug|Any CPU
		{6081A969-EF62-48C3-B29B-1E4977B0F323}.Debug|Any CPU.Build.0 = Debug|Any CPU
		{6081A969-EF62-48C3-B29B-1E4977B0F323}.Release|Any CPU.ActiveCfg = Release|Any CPU
		{6081A969-EF62-48C3-B29B-1E4977B0F323}.Release|Any CPU.Build.0 = Release|Any CPU
		{45674318-033C-413E-8E6C-0D4FF53939F9}.Debug|Any CPU.ActiveCfg = Debug|Any CPU
		{45674318-033C-413E-8E6C-0D4FF53939F9}.Debug|Any CPU.Build.0 = Debug|Any CPU
		{45674318-033C-413E-8E6C-0D4FF53939F9}.Release|Any CPU.ActiveCfg = Release|Any CPU
		{45674318-033C-413E-8E6C-0D4FF53939F9}.Release|Any CPU.Build.0 = Release|Any CPU
		{C3E9018E-4915-4FCB-B1C1-931B97728F94}.Debug|Any CPU.ActiveCfg = Debug|Any CPU
		{C3E9018E-4915-4FCB-B1C1-931B97728F94}.Debug|Any CPU.Build.0 = Debug|Any CPU
		{C3E9018E-4915-4FCB-B1C1-931B97728F94}.Release|Any CPU.ActiveCfg = Release|Any CPU
		{C3E9018E-4915-4FCB-B1C1-931B97728F94}.Release|Any CPU.Build.0 = Release|Any CPU
		{645414FB-F761-41C3-B3FC-3F72316C07C1}.Debug|Any CPU.ActiveCfg = Debug|Any CPU
		{645414FB-F761-41C3-B3FC-3F72316C07C1}.Debug|Any CPU.Build.0 = Debug|Any CPU
		{645414FB-F761-41C3-B3FC-3F72316C07C1}.Release|Any CPU.ActiveCfg = Release|Any CPU
		{645414FB-F761-41C3-B3FC-3F72316C07C1}.Release|Any CPU.Build.0 = Release|Any CPU
		{3C63A918-03E7-48D1-95E1-F3DE489F479B}.Debug|Any CPU.ActiveCfg = Debug|Any CPU
		{3C63A918-03E7-48D1-95E1-F3DE489F479B}.Debug|Any CPU.Build.0 = Debug|Any CPU
		{3C63A918-03E7-48D1-95E1-F3DE489F479B}.Release|Any CPU.ActiveCfg = Release|Any CPU
		{3C63A918-03E7-48D1-95E1-F3DE489F479B}.Release|Any CPU.Build.0 = Release|Any CPU
		{937C71C8-F1A9-48D9-9556-898F121FDDED}.Debug|Any CPU.ActiveCfg = Debug|Any CPU
		{937C71C8-F1A9-48D9-9556-898F121FDDED}.Debug|Any CPU.Build.0 = Debug|Any CPU
		{937C71C8-F1A9-48D9-9556-898F121FDDED}.Release|Any CPU.ActiveCfg = Release|Any CPU
		{937C71C8-F1A9-48D9-9556-898F121FDDED}.Release|Any CPU.Build.0 = Release|Any CPU
		{FE341C58-6B03-47EB-A019-96093C8E5D03}.Debug|Any CPU.ActiveCfg = Debug|Any CPU
		{FE341C58-6B03-47EB-A019-96093C8E5D03}.Debug|Any CPU.Build.0 = Debug|Any CPU
		{FE341C58-6B03-47EB-A019-96093C8E5D03}.Release|Any CPU.ActiveCfg = Release|Any CPU
		{FE341C58-6B03-47EB-A019-96093C8E5D03}.Release|Any CPU.Build.0 = Release|Any CPU
		{53A1052D-AF82-4AB3-B076-EE3BCD0194C0}.Debug|Any CPU.ActiveCfg = Debug|Any CPU
		{53A1052D-AF82-4AB3-B076-EE3BCD0194C0}.Debug|Any CPU.Build.0 = Debug|Any CPU
		{53A1052D-AF82-4AB3-B076-EE3BCD0194C0}.Release|Any CPU.ActiveCfg = Release|Any CPU
		{53A1052D-AF82-4AB3-B076-EE3BCD0194C0}.Release|Any CPU.Build.0 = Release|Any CPU
	EndGlobalSection
	GlobalSection(SolutionProperties) = preSolution
		HideSolutionNode = FALSE
	EndGlobalSection
	GlobalSection(NestedProjects) = preSolution
		{62A847A5-61A8-485F-AC0A-5011DF26FC92} = {83FFAA51-EB70-4A55-AD7D-F77714EFBEEF}
		{102805C4-C5DC-41C8-AC6F-7C2C7E9B4FD4} = {83FFAA51-EB70-4A55-AD7D-F77714EFBEEF}
		{EA450968-9576-4248-B17F-B03AEB58C363} = {83FFAA51-EB70-4A55-AD7D-F77714EFBEEF}
		{FBBC14D4-8AFD-40F2-91B4-48E2E9ED3141} = {83FFAA51-EB70-4A55-AD7D-F77714EFBEEF}
		{8CC8428E-EBC4-4E98-A4B5-085BE99A92D2} = {83FFAA51-EB70-4A55-AD7D-F77714EFBEEF}
		{B45BC6E1-F548-466A-8757-A8B893E6ACBE} = {B6EBB56A-1760-473A-83C8-9FA06C4E678C}
		{3E9CC8CF-4714-4ED0-A418-1DC3E83DFDE6} = {B6EBB56A-1760-473A-83C8-9FA06C4E678C}
		{DC4F6CC5-92E7-482B-AAAF-07025C45F012} = {B6EBB56A-1760-473A-83C8-9FA06C4E678C}
		{2BCCADAE-AC4B-482D-8C63-165DCEC12E27} = {B6EBB56A-1760-473A-83C8-9FA06C4E678C}
		{386701DE-3092-4C11-B8A7-892E0391CBC9} = {B6EBB56A-1760-473A-83C8-9FA06C4E678C}
		{B319CF87-9536-4AE3-8498-81FFB8C788A4} = {B6EBB56A-1760-473A-83C8-9FA06C4E678C}
		{B612E87D-48B3-4E7E-A082-C6B9D3C1595B} = {B45BC6E1-F548-466A-8757-A8B893E6ACBE}
		{541F9FFA-576C-41DB-87C8-623D86F3B4E3} = {3E9CC8CF-4714-4ED0-A418-1DC3E83DFDE6}
		{FC691CC6-F4B3-4CCC-BE4B-D2E0587F7855} = {2BCCADAE-AC4B-482D-8C63-165DCEC12E27}
		{E858C749-FC58-4C3D-8AE5-CE98C0CD272E} = {2BCCADAE-AC4B-482D-8C63-165DCEC12E27}
		{86F8BC24-AFCA-4B36-98A2-3F0656D04A91} = {DC4F6CC5-92E7-482B-AAAF-07025C45F012}
		{FEBCC213-C119-4058-BA46-0C095C597A5C} = {DC4F6CC5-92E7-482B-AAAF-07025C45F012}
		{8D68E108-8148-4459-83EF-2A2B37A9653A} = {B319CF87-9536-4AE3-8498-81FFB8C788A4}
		{73C33CD7-78D2-4133-895B-B2DBBBFBCCD5} = {6636855D-F328-4C07-87DF-DB39AAC85143}
		{6081A969-EF62-48C3-B29B-1E4977B0F323} = {6636855D-F328-4C07-87DF-DB39AAC85143}
		{45674318-033C-413E-8E6C-0D4FF53939F9} = {0F3A9D10-BB35-42C9-B7A0-5C4F81792A2C}
		{C3E9018E-4915-4FCB-B1C1-931B97728F94} = {0F3A9D10-BB35-42C9-B7A0-5C4F81792A2C}
		{645414FB-F761-41C3-B3FC-3F72316C07C1} = {1774F8A9-CEB1-45A0-926A-4DB761B540B4}
		{F6E05FBE-3A40-412C-84F0-FEFAFCD3ADBB} = {BCFB37C9-6983-4BF0-AEAF-D50CC6B157CF}
		{3C63A918-03E7-48D1-95E1-F3DE489F479B} = {F6E05FBE-3A40-412C-84F0-FEFAFCD3ADBB}
		{937C71C8-F1A9-48D9-9556-898F121FDDED} = {0F3A9D10-BB35-42C9-B7A0-5C4F81792A2C}
		{FE341C58-6B03-47EB-A019-96093C8E5D03} = {0F3A9D10-BB35-42C9-B7A0-5C4F81792A2C}
		{53A1052D-AF82-4AB3-B076-EE3BCD0194C0} = {0F3A9D10-BB35-42C9-B7A0-5C4F81792A2C}
	EndGlobalSection
	GlobalSection(ExtensibilityGlobals) = postSolution
		SolutionGuid = {60BCB844-E058-4397-8AF8-4450AB2623C3}
	EndGlobalSection
EndGlobal
