
Microsoft Visual Studio Solution File, Format Version 12.00
# Visual Studio 15
VisualStudioVersion = 15.0.28307.421
MinimumVisualStudioVersion = 10.0.40219.1
Project("{FAE04EC0-301F-11D3-BF4B-00C04F79EFBC}") = "Quattro", "Quattro\Quattro.csproj", "{D49CDDD1-A21E-4711-927D-9F97B4F32DE6}"
EndProject
Global
	GlobalSection(SolutionConfigurationPlatforms) = preSolution
		Debug|Any CPU = Debug|Any CPU
		Release|Any CPU = Release|Any CPU
	EndGlobalSection
	GlobalSection(ProjectConfigurationPlatforms) = postSolution
		{D49CDDD1-A21E-4711-927D-9F97B4F32DE6}.Debug|Any CPU.ActiveCfg = Debug|Any CPU
		{D49CDDD1-A21E-4711-927D-9F97B4F32DE6}.Debug|Any CPU.Build.0 = Debug|Any CPU
		{D49CDDD1-A21E-4711-927D-9F97B4F32DE6}.Release|Any CPU.ActiveCfg = Release|Any CPU
		{D49CDDD1-A21E-4711-927D-9F97B4F32DE6}.Release|Any CPU.Build.0 = Release|Any CPU
	EndGlobalSection
	GlobalSection(SolutionProperties) = preSolution
		HideSolutionNode = FALSE
	EndGlobalSection
	GlobalSection(ExtensibilityGlobals) = postSolution
		SolutionGuid = {B0E5EA7C-E3BE-4F96-A298-FBF246C12DCD}
	EndGlobalSection
EndGlobal
