
Microsoft Visual Studio Solution File, Format Version 12.00
# Visual Studio Version 16
VisualStudioVersion = 16.0.28803.156
MinimumVisualStudioVersion = 10.0.40219.1
Project("{2150E333-8FDC-42A3-9474-1A3956D46DE8}") = "Services", "Services", "{6E7CABF3-7422-49C8-912C-AAC827CA63EC}"
EndProject
Project("{FAE04EC0-301F-11D3-BF4B-00C04F79EFBC}") = "Quattro.Core.Services.Abstractions", "Services\Quattro.Core.Services.Abstractions\Quattro.Core.Services.Abstractions.csproj", "{CBA176BE-620B-42EF-ACE3-CDA668C53197}"
EndProject
Project("{FAE04EC0-301F-11D3-BF4B-00C04F79EFBC}") = "Quattro.Core.Services", "Services\Quattro.Core.Services\Quattro.Core.Services.csproj", "{9CD9B554-FB96-4245-B1BE-19F4BB9E61FE}"
EndProject
Project("{2150E333-8FDC-42A3-9474-1A3956D46DE8}") = "Reporting", "Reporting", "{6EEAA17A-7C07-4905-B6BD-6C02E4326154}"
EndProject
Project("{FAE04EC0-301F-11D3-BF4B-00C04F79EFBC}") = "Quattro.Core.Reporting", "Reporting\Quattro.Core.Reporting\Quattro.Core.Reporting.csproj", "{599BE756-5B97-4234-9855-B7D295CFC725}"
EndProject
Global
	GlobalSection(SolutionConfigurationPlatforms) = preSolution
		Debug|Any CPU = Debug|Any CPU
		Release|Any CPU = Release|Any CPU
	EndGlobalSection
	GlobalSection(ProjectConfigurationPlatforms) = postSolution
		{CBA176BE-620B-42EF-ACE3-CDA668C53197}.Debug|Any CPU.ActiveCfg = Debug|Any CPU
		{CBA176BE-620B-42EF-ACE3-CDA668C53197}.Debug|Any CPU.Build.0 = Debug|Any CPU
		{CBA176BE-620B-42EF-ACE3-CDA668C53197}.Release|Any CPU.ActiveCfg = Release|Any CPU
		{CBA176BE-620B-42EF-ACE3-CDA668C53197}.Release|Any CPU.Build.0 = Release|Any CPU
		{9CD9B554-FB96-4245-B1BE-19F4BB9E61FE}.Debug|Any CPU.ActiveCfg = Debug|Any CPU
		{9CD9B554-FB96-4245-B1BE-19F4BB9E61FE}.Debug|Any CPU.Build.0 = Debug|Any CPU
		{9CD9B554-FB96-4245-B1BE-19F4BB9E61FE}.Release|Any CPU.ActiveCfg = Release|Any CPU
		{9CD9B554-FB96-4245-B1BE-19F4BB9E61FE}.Release|Any CPU.Build.0 = Release|Any CPU
		{599BE756-5B97-4234-9855-B7D295CFC725}.Debug|Any CPU.ActiveCfg = Debug|Any CPU
		{599BE756-5B97-4234-9855-B7D295CFC725}.Debug|Any CPU.Build.0 = Debug|Any CPU
		{599BE756-5B97-4234-9855-B7D295CFC725}.Release|Any CPU.ActiveCfg = Release|Any CPU
		{599BE756-5B97-4234-9855-B7D295CFC725}.Release|Any CPU.Build.0 = Release|Any CPU
	EndGlobalSection
	GlobalSection(SolutionProperties) = preSolution
		HideSolutionNode = FALSE
	EndGlobalSection
	GlobalSection(NestedProjects) = preSolution
		{CBA176BE-620B-42EF-ACE3-CDA668C53197} = {6E7CABF3-7422-49C8-912C-AAC827CA63EC}
		{9CD9B554-FB96-4245-B1BE-19F4BB9E61FE} = {6E7CABF3-7422-49C8-912C-AAC827CA63EC}
		{599BE756-5B97-4234-9855-B7D295CFC725} = {6EEAA17A-7C07-4905-B6BD-6C02E4326154}
	EndGlobalSection
	GlobalSection(ExtensibilityGlobals) = postSolution
		SolutionGuid = {0359CC4C-90DB-4265-A717-A7F8C2CE828C}
	EndGlobalSection
EndGlobal
