
Microsoft Visual Studio Solution File, Format Version 12.00
# Visual Studio Version 16
VisualStudioVersion = 16.0.28803.156
MinimumVisualStudioVersion = 10.0.40219.1
Project("{FAE04EC0-301F-11D3-BF4B-00C04F79EFBC}") = "Quattro.Persistence.Tests", "Quattro.Persistence.Tests\Quattro.Persistence.Tests.csproj", "{CA536DE3-8458-47C3-BF40-63CF51214661}"
EndProject
Global
	GlobalSection(SolutionConfigurationPlatforms) = preSolution
		Debug|Any CPU = Debug|Any CPU
		Release|Any CPU = Release|Any CPU
	EndGlobalSection
	GlobalSection(ProjectConfigurationPlatforms) = postSolution
		{CA536DE3-8458-47C3-BF40-63CF51214661}.Debug|Any CPU.ActiveCfg = Debug|Any CPU
		{CA536DE3-8458-47C3-BF40-63CF51214661}.Debug|Any CPU.Build.0 = Debug|Any CPU
		{CA536DE3-8458-47C3-BF40-63CF51214661}.Release|Any CPU.ActiveCfg = Release|Any CPU
		{CA536DE3-8458-47C3-BF40-63CF51214661}.Release|Any CPU.Build.0 = Release|Any CPU
	EndGlobalSection
	GlobalSection(SolutionProperties) = preSolution
		HideSolutionNode = FALSE
	EndGlobalSection
	GlobalSection(ExtensibilityGlobals) = postSolution
		SolutionGuid = {6FCF3AC3-D3E8-425B-9443-C81817D7345B}
	EndGlobalSection
EndGlobal
