
Microsoft Visual Studio Solution File, Format Version 12.00
# Visual Studio Version 16
VisualStudioVersion = 16.0.28803.156
MinimumVisualStudioVersion = 10.0.40219.1
Project("{FAE04EC0-301F-11D3-BF4B-00C04F79EFBC}") = "Quattro.Desktop.Tests", "Quattro.Desktop.Tests\Quattro.Desktop.Tests.csproj", "{7FB3537A-758D-419B-8D7D-545538A947FB}"
EndProject
Global
	GlobalSection(SolutionConfigurationPlatforms) = preSolution
		Debug|Any CPU = Debug|Any CPU
		Release|Any CPU = Release|Any CPU
	EndGlobalSection
	GlobalSection(ProjectConfigurationPlatforms) = postSolution
		{7FB3537A-758D-419B-8D7D-545538A947FB}.Debug|Any CPU.ActiveCfg = Debug|Any CPU
		{7FB3537A-758D-419B-8D7D-545538A947FB}.Debug|Any CPU.Build.0 = Debug|Any CPU
		{7FB3537A-758D-419B-8D7D-545538A947FB}.Release|Any CPU.ActiveCfg = Release|Any CPU
		{7FB3537A-758D-419B-8D7D-545538A947FB}.Release|Any CPU.Build.0 = Release|Any CPU
	EndGlobalSection
	GlobalSection(SolutionProperties) = preSolution
		HideSolutionNode = FALSE
	EndGlobalSection
	GlobalSection(ExtensibilityGlobals) = postSolution
		SolutionGuid = {64184FE7-45BE-4630-A1B3-062B6F11E245}
	EndGlobalSection
EndGlobal
