
Microsoft Visual Studio Solution File, Format Version 12.00
# Visual Studio Version 16
VisualStudioVersion = 16.0.28803.156
MinimumVisualStudioVersion = 10.0.40219.1
Project("{FAE04EC0-301F-11D3-BF4B-00C04F79EFBC}") = "Quattro.App.Tests", "Quattro.App.Tests\Quattro.App.Tests.csproj", "{2A371E4A-8A78-46E0-8927-28D21F7611C9}"
EndProject
Global
	GlobalSection(SolutionConfigurationPlatforms) = preSolution
		Debug|Any CPU = Debug|Any CPU
		Release|Any CPU = Release|Any CPU
	EndGlobalSection
	GlobalSection(ProjectConfigurationPlatforms) = postSolution
		{2A371E4A-8A78-46E0-8927-28D21F7611C9}.Debug|Any CPU.ActiveCfg = Debug|Any CPU
		{2A371E4A-8A78-46E0-8927-28D21F7611C9}.Debug|Any CPU.Build.0 = Debug|Any CPU
		{2A371E4A-8A78-46E0-8927-28D21F7611C9}.Release|Any CPU.ActiveCfg = Release|Any CPU
		{2A371E4A-8A78-46E0-8927-28D21F7611C9}.Release|Any CPU.Build.0 = Release|Any CPU
	EndGlobalSection
	GlobalSection(SolutionProperties) = preSolution
		HideSolutionNode = FALSE
	EndGlobalSection
	GlobalSection(ExtensibilityGlobals) = postSolution
		SolutionGuid = {111C56BB-6517-4739-AB26-60F84281120D}
	EndGlobalSection
EndGlobal
